
Microsoft Visual Studio Solution File, Format Version 12.00
# Visual Studio Version 16
VisualStudioVersion = 16.0.29215.179
MinimumVisualStudioVersion = 10.0.40219.1
Project("{9A19103F-16F7-4668-BE54-9A1E7A4F7556}") = "Jerry.CMS.Core", "Jerry.CMS.Core\Jerry.CMS.Core.csproj", "{2CAA6CE7-6D7E-482E-A403-E7946990A93C}"
EndProject
Project("{9A19103F-16F7-4668-BE54-9A1E7A4F7556}") = "Jerry.CMS.XUnitTest", "Jerry.CMS.XUnitTest\Jerry.CMS.XUnitTest.csproj", "{A62BC162-0B04-48FF-9932-8A7024D0D4DF}"
EndProject
Global
	GlobalSection(SolutionConfigurationPlatforms) = preSolution
		Debug|Any CPU = Debug|Any CPU
		Release|Any CPU = Release|Any CPU
	EndGlobalSection
	GlobalSection(ProjectConfigurationPlatforms) = postSolution
		{46B419EA-9441-401D-814D-21437A71F3B7}.Debug|Any CPU.ActiveCfg = Debug|Any CPU
		{46B419EA-9441-401D-814D-21437A71F3B7}.Debug|Any CPU.Build.0 = Debug|Any CPU
		{46B419EA-9441-401D-814D-21437A71F3B7}.Release|Any CPU.ActiveCfg = Release|Any CPU
		{46B419EA-9441-401D-814D-21437A71F3B7}.Release|Any CPU.Build.0 = Release|Any CPU
		{7F47BA15-4FA4-480D-969F-3E11F4753706}.Debug|Any CPU.ActiveCfg = Debug|Any CPU
		{7F47BA15-4FA4-480D-969F-3E11F4753706}.Debug|Any CPU.Build.0 = Debug|Any CPU
		{7F47BA15-4FA4-480D-969F-3E11F4753706}.Release|Any CPU.ActiveCfg = Release|Any CPU
		{7F47BA15-4FA4-480D-969F-3E11F4753706}.Release|Any CPU.Build.0 = Release|Any CPU
		{DD8A1E76-C6FB-47A2-8732-CF00884BD86A}.Debug|Any CPU.ActiveCfg = Debug|Any CPU
		{DD8A1E76-C6FB-47A2-8732-CF00884BD86A}.Debug|Any CPU.Build.0 = Debug|Any CPU
		{DD8A1E76-C6FB-47A2-8732-CF00884BD86A}.Release|Any CPU.ActiveCfg = Release|Any CPU
		{DD8A1E76-C6FB-47A2-8732-CF00884BD86A}.Release|Any CPU.Build.0 = Release|Any CPU
		{E91A884B-8E42-4946-A2D3-76823955B043}.Debug|Any CPU.ActiveCfg = Debug|Any CPU
		{E91A884B-8E42-4946-A2D3-76823955B043}.Debug|Any CPU.Build.0 = Debug|Any CPU
		{E91A884B-8E42-4946-A2D3-76823955B043}.Release|Any CPU.ActiveCfg = Release|Any CPU
		{E91A884B-8E42-4946-A2D3-76823955B043}.Release|Any CPU.Build.0 = Release|Any CPU
		{EF7592AA-C159-4C47-B4A7-335C452541E6}.Debug|Any CPU.ActiveCfg = Debug|Any CPU
		{EF7592AA-C159-4C47-B4A7-335C452541E6}.Debug|Any CPU.Build.0 = Debug|Any CPU
		{EF7592AA-C159-4C47-B4A7-335C452541E6}.Release|Any CPU.ActiveCfg = Release|Any CPU
		{EF7592AA-C159-4C47-B4A7-335C452541E6}.Release|Any CPU.Build.0 = Release|Any CPU
		{2CAA6CE7-6D7E-482E-A403-E7946990A93C}.Debug|Any CPU.ActiveCfg = Debug|Any CPU
		{2CAA6CE7-6D7E-482E-A403-E7946990A93C}.Debug|Any CPU.Build.0 = Debug|Any CPU
		{2CAA6CE7-6D7E-482E-A403-E7946990A93C}.Release|Any CPU.ActiveCfg = Release|Any CPU
		{2CAA6CE7-6D7E-482E-A403-E7946990A93C}.Release|Any CPU.Build.0 = Release|Any CPU
		{A62BC162-0B04-48FF-9932-8A7024D0D4DF}.Debug|Any CPU.ActiveCfg = Debug|Any CPU
		{A62BC162-0B04-48FF-9932-8A7024D0D4DF}.Debug|Any CPU.Build.0 = Debug|Any CPU
		{A62BC162-0B04-48FF-9932-8A7024D0D4DF}.Release|Any CPU.ActiveCfg = Release|Any CPU
		{A62BC162-0B04-48FF-9932-8A7024D0D4DF}.Release|Any CPU.Build.0 = Release|Any CPU
		{32913419-BE51-4613-B156-FD790AA6389B}.Debug|Any CPU.ActiveCfg = Debug|Any CPU
		{32913419-BE51-4613-B156-FD790AA6389B}.Debug|Any CPU.Build.0 = Debug|Any CPU
		{32913419-BE51-4613-B156-FD790AA6389B}.Release|Any CPU.ActiveCfg = Release|Any CPU
		{32913419-BE51-4613-B156-FD790AA6389B}.Release|Any CPU.Build.0 = Release|Any CPU
		{F941088C-F7B4-4D79-A353-53E0A0024B34}.Debug|Any CPU.ActiveCfg = Debug|Any CPU
		{F941088C-F7B4-4D79-A353-53E0A0024B34}.Debug|Any CPU.Build.0 = Debug|Any CPU
		{F941088C-F7B4-4D79-A353-53E0A0024B34}.Release|Any CPU.ActiveCfg = Release|Any CPU
		{F941088C-F7B4-4D79-A353-53E0A0024B34}.Release|Any CPU.Build.0 = Release|Any CPU
		{DF42EA7D-7DF2-4EB5-9112-D29A3D718C61}.Debug|Any CPU.ActiveCfg = Debug|Any CPU
		{DF42EA7D-7DF2-4EB5-9112-D29A3D718C61}.Debug|Any CPU.Build.0 = Debug|Any CPU
		{DF42EA7D-7DF2-4EB5-9112-D29A3D718C61}.Release|Any CPU.ActiveCfg = Release|Any CPU
		{DF42EA7D-7DF2-4EB5-9112-D29A3D718C61}.Release|Any CPU.Build.0 = Release|Any CPU
	EndGlobalSection
	GlobalSection(SolutionProperties) = preSolution
		HideSolutionNode = FALSE
	EndGlobalSection
	GlobalSection(NestedProjects) = preSolution
		{46B419EA-9441-401D-814D-21437A71F3B7} = {7A6F078E-E570-4836-B28D-8D752F6C1521}
		{7F47BA15-4FA4-480D-969F-3E11F4753706} = {C0C18B13-A5DC-4E5F-9186-9F80A46B6073}
		{DD8A1E76-C6FB-47A2-8732-CF00884BD86A} = {C0C18B13-A5DC-4E5F-9186-9F80A46B6073}
		{E91A884B-8E42-4946-A2D3-76823955B043} = {D1BCD5BA-9BB9-49CC-886B-093B6E5C8101}
		{EF7592AA-C159-4C47-B4A7-335C452541E6} = {D1BCD5BA-9BB9-49CC-886B-093B6E5C8101}
		{2CAA6CE7-6D7E-482E-A403-E7946990A93C} = {5D9FA334-2469-4C3D-83A7-8B426448E762}
		{A62BC162-0B04-48FF-9932-8A7024D0D4DF} = {9B1A58DE-2D3D-49FF-AF55-D4181EF2134E}
		{32913419-BE51-4613-B156-FD790AA6389B} = {CD091C21-53A4-4D2E-8C4C-0F5F5C140B1E}
		{F941088C-F7B4-4D79-A353-53E0A0024B34} = {CD091C21-53A4-4D2E-8C4C-0F5F5C140B1E}
		{DF42EA7D-7DF2-4EB5-9112-D29A3D718C61} = {7A6F078E-E570-4836-B28D-8D752F6C1521}
	EndGlobalSection
	GlobalSection(ExtensibilityGlobals) = postSolution
		SolutionGuid = {95A3BAAE-EC6D-46D1-90FE-889D797D7768}
	EndGlobalSection
EndGlobal
